{
  "lockfileVersion": 1,
  "configVersion": 1,
  "workspaces": {
    "": {
      "name": "yxswy-email",
      "dependencies": {
        "nodemailer": "^6.9.15",
      },
      "devDependencies": {
        "@types/nodemailer": "^6.4.17",
        "bun-types": "latest",
      },
    },
  },
  "packages": {
    "@types/node": ["@types/node@25.2.3", "https://registry.npmmirror.com/@types/node/-/node-25.2.3.tgz", { "dependencies": { "undici-types": "~7.16.0" } }, "sha512-m0jEgYlYz+mDJZ2+F4v8D1AyQb+QzsNqRuI7xg1VQX/KlKS0qT9r1Mo16yo5F/MtifXFgaofIFsdFMox2SxIbQ=="],

    "@types/nodemailer": ["@types/nodemailer@6.4.22", "https://registry.npmmirror.com/@types/nodemailer/-/nodemailer-6.4.22.tgz", { "dependencies": { "@types/node": "*" } }, "sha512-HV16KRsW7UyZBITE07B62k8PRAKFqRSFXn1T7vslurVjN761tMDBhk5Lbt17ehyTzK6XcyJnAgUpevrvkcVOzw=="],

    "bun-types": ["bun-types@1.3.9", "https://registry.npmmirror.com/bun-types/-/bun-types-1.3.9.tgz", { "dependencies": { "@types/node": "*" } }, "sha512-+UBWWOakIP4Tswh0Bt0QD0alpTY8cb5hvgiYeWCMet9YukHbzuruIEeXC2D7nMJPB12kbh8C7XJykSexEqGKJg=="],

    "nodemailer": ["nodemailer@6.10.1", "https://registry.npmmirror.com/nodemailer/-/nodemailer-6.10.1.tgz", {}, "sha512-Z+iLaBGVaSjbIzQ4pX6XV41HrooLsQ10ZWPUehGmuantvzWoDVBnmsdUcOIDM1t+yPor5pDhVlDESgOMEGxhHA=="],

    "undici-types": ["undici-types@7.16.0", "https://registry.npmmirror.com/undici-types/-/undici-types-7.16.0.tgz", {}, "sha512-Zz+aZWSj8LE6zoxD+xrjh4VfkIG8Ya6LvYkZqtUQGJPZjYl53ypCaUwWqo7eI0x66KBGeRo+mlBEkMSeSZ38Nw=="],
  }
}
